# This file is generated by running "yarn install" inside your project.
# Manual changes might be lost - proceed with caution!

__metadata:
  version: 6
  cacheKey: 8

"@iden3/bigarray@npm:0.0.2":
  version: 0.0.2
  resolution: "@iden3/bigarray@npm:0.0.2"
  checksum: a58a4aa75284f7c74ef8a43dd0720764e94389ae4314213f18de9d712fbdb170dd0e9b48672ad297b5f15bd1658d3bff33fe1998e189b48cbf501f1fe78f0adc
  languageName: node
  linkType: hard

"@iden3/binfileutils@npm:0.0.11":
  version: 0.0.11
  resolution: "@iden3/binfileutils@npm:0.0.11"
  dependencies:
    fastfile: 0.0.20
    ffjavascript: ^0.2.48
  checksum: ca61db1325c7e038c6bd723c856eff5f2c82c76394db09d3350ef4f5b7525e3c9ab1f7429900ff5d3e9d26c5970bf5900e6126ccb5c5caa597c16a47336a6be8
  languageName: node
  linkType: hard

"@noir-lang/zk_bench@workspace:.":
  version: 0.0.0-use.local
  resolution: "@noir-lang/zk_bench@workspace:."
  dependencies:
    snarkjs: ^0.7.3
  languageName: unknown
  linkType: soft

"ansi-styles@npm:^4.1.0":
  version: 4.3.0
  resolution: "ansi-styles@npm:4.3.0"
  dependencies:
    color-convert: ^2.0.1
  checksum: 513b44c3b2105dd14cc42a19271e80f386466c4be574bccf60b627432f9198571ebf4ab1e4c3ba17347658f4ee1711c163d574248c0c1cdc2d5917a0ad582ec4
  languageName: node
  linkType: hard

"async@npm:^3.2.3":
  version: 3.2.5
  resolution: "async@npm:3.2.5"
  checksum: 5ec77f1312301dee02d62140a6b1f7ee0edd2a0f983b6fd2b0849b969f245225b990b47b8243e7b9ad16451a53e7f68e753700385b706198ced888beedba3af4
  languageName: node
  linkType: hard

"b4a@npm:^1.0.1":
  version: 1.6.6
  resolution: "b4a@npm:1.6.6"
  checksum: c46a27e3ac9c84426ae728f0fc46a6ae7703a7bc03e771fa0bef4827fd7cf3bb976d1a3d5afff54606248372ab8fdf595bd0114406690edf37f14d120630cf7f
  languageName: node
  linkType: hard

"balanced-match@npm:^1.0.0":
  version: 1.0.2
  resolution: "balanced-match@npm:1.0.2"
  checksum: 9706c088a283058a8a99e0bf91b0a2f75497f185980d9ffa8b304de1d9e58ebda7c72c07ebf01dadedaac5b2907b2c6f566f660d62bd336c3468e960403b9d65
  languageName: node
  linkType: hard

"bfj@npm:^7.0.2":
  version: 7.1.0
  resolution: "bfj@npm:7.1.0"
  dependencies:
    bluebird: ^3.7.2
    check-types: ^11.2.3
    hoopy: ^0.1.4
    jsonpath: ^1.1.1
    tryer: ^1.0.1
  checksum: 36da9ed36c60f377a3f43bb0433092af7dc40442914b8155a1330ae86b1905640baf57e9c195ab83b36d6518b27cf8ed880adff663aa444c193be149e027d722
  languageName: node
  linkType: hard

"blake2b-wasm@npm:^2.4.0":
  version: 2.4.0
  resolution: "blake2b-wasm@npm:2.4.0"
  dependencies:
    b4a: ^1.0.1
    nanoassert: ^2.0.0
  checksum: 1839dd0693681228d81f781dd8680a6803a629ca374aed5ac02fa649ce40a67a85eb49eeb2ec6aeb7ef3ef5aa169b3579b50eabf7afa360d190338bc3e8666bd
  languageName: node
  linkType: hard

"bluebird@npm:^3.7.2":
  version: 3.7.2
  resolution: "bluebird@npm:3.7.2"
  checksum: 869417503c722e7dc54ca46715f70e15f4d9c602a423a02c825570862d12935be59ed9c7ba34a9b31f186c017c23cac6b54e35446f8353059c101da73eac22ef
  languageName: node
  linkType: hard

"brace-expansion@npm:^1.1.7":
  version: 1.1.11
  resolution: "brace-expansion@npm:1.1.11"
  dependencies:
    balanced-match: ^1.0.0
    concat-map: 0.0.1
  checksum: faf34a7bb0c3fcf4b59c7808bc5d2a96a40988addf2e7e09dfbb67a2251800e0d14cd2bfc1aa79174f2f5095c54ff27f46fb1289fe2d77dac755b5eb3434cc07
  languageName: node
  linkType: hard

"brace-expansion@npm:^2.0.1":
  version: 2.0.1
  resolution: "brace-expansion@npm:2.0.1"
  dependencies:
    balanced-match: ^1.0.0
  checksum: a61e7cd2e8a8505e9f0036b3b6108ba5e926b4b55089eeb5550cd04a471fe216c96d4fe7e4c7f995c728c554ae20ddfc4244cad10aef255e72b62930afd233d1
  languageName: node
  linkType: hard

"chalk@npm:^4.0.2":
  version: 4.1.2
  resolution: "chalk@npm:4.1.2"
  dependencies:
    ansi-styles: ^4.1.0
    supports-color: ^7.1.0
  checksum: fe75c9d5c76a7a98d45495b91b2172fa3b7a09e0cc9370e5c8feb1c567b85c4288e2b3fded7cfdd7359ac28d6b3844feb8b82b8686842e93d23c827c417e83fc
  languageName: node
  linkType: hard

"check-types@npm:^11.2.3":
  version: 11.2.3
  resolution: "check-types@npm:11.2.3"
  checksum: f99ff09ae65e63cfcfa40a1275c0a70d8c43ffbf9ac35095f3bf030cc70361c92e075a9975a1144329e50b4fe4620be6bedb4568c18abc96071a3e23aed3ed8e
  languageName: node
  linkType: hard

"circom_runtime@npm:0.1.24":
  version: 0.1.24
  resolution: "circom_runtime@npm:0.1.24"
  dependencies:
    ffjavascript: 0.2.60
  bin:
    calcwit: calcwit.js
  checksum: 0654649ed64ace5562cec025648422970df885e79048b7942e283ef50f43142673acfd752ac2851917a81c43d4d42d37f5fdfc8df71d59ee81b873c19ea81a31
  languageName: node
  linkType: hard

"color-convert@npm:^2.0.1":
  version: 2.0.1
  resolution: "color-convert@npm:2.0.1"
  dependencies:
    color-name: ~1.1.4
  checksum: 79e6bdb9fd479a205c71d89574fccfb22bd9053bd98c6c4d870d65c132e5e904e6034978e55b43d69fcaa7433af2016ee203ce76eeba9cfa554b373e7f7db336
  languageName: node
  linkType: hard

"color-name@npm:~1.1.4":
  version: 1.1.4
  resolution: "color-name@npm:1.1.4"
  checksum: b0445859521eb4021cd0fb0cc1a75cecf67fceecae89b63f62b201cca8d345baf8b952c966862a9d9a2632987d4f6581f0ec8d957dfacece86f0a7919316f610
  languageName: node
  linkType: hard

"concat-map@npm:0.0.1":
  version: 0.0.1
  resolution: "concat-map@npm:0.0.1"
  checksum: 902a9f5d8967a3e2faf138d5cb784b9979bad2e6db5357c5b21c568df4ebe62bcb15108af1b2253744844eb964fc023fbd9afbbbb6ddd0bcc204c6fb5b7bf3af
  languageName: node
  linkType: hard

"deep-is@npm:~0.1.3":
  version: 0.1.4
  resolution: "deep-is@npm:0.1.4"
  checksum: edb65dd0d7d1b9c40b2f50219aef30e116cedd6fc79290e740972c132c09106d2e80aa0bc8826673dd5a00222d4179c84b36a790eef63a4c4bca75a37ef90804
  languageName: node
  linkType: hard

"ejs@npm:^3.1.6":
  version: 3.1.9
  resolution: "ejs@npm:3.1.9"
  dependencies:
    jake: ^10.8.5
  bin:
    ejs: bin/cli.js
  checksum: af6f10eb815885ff8a8cfacc42c6b6cf87daf97a4884f87a30e0c3271fedd85d76a3a297d9c33a70e735b97ee632887f85e32854b9cdd3a2d97edf931519a35f
  languageName: node
  linkType: hard

"escodegen@npm:^1.8.1":
  version: 1.14.3
  resolution: "escodegen@npm:1.14.3"
  dependencies:
    esprima: ^4.0.1
    estraverse: ^4.2.0
    esutils: ^2.0.2
    optionator: ^0.8.1
    source-map: ~0.6.1
  dependenciesMeta:
    source-map:
      optional: true
  bin:
    escodegen: bin/escodegen.js
    esgenerate: bin/esgenerate.js
  checksum: 381cdc4767ecdb221206bbbab021b467bbc2a6f5c9a99c9e6353040080bdd3dfe73d7604ad89a47aca6ea7d58bc635f6bd3fbc8da9a1998e9ddfa8372362ccd0
  languageName: node
  linkType: hard

"esprima@npm:1.2.2":
  version: 1.2.2
  resolution: "esprima@npm:1.2.2"
  bin:
    esparse: ./bin/esparse.js
    esvalidate: ./bin/esvalidate.js
  checksum: 4f10006f0e315f2f7d8cf6630e465f183512f1ab2e862b11785a133ce37ed1696573deefb5256e510eaa4368342b13b393334477f6ccdcdb8f10e782b0f5e6dc
  languageName: node
  linkType: hard

"esprima@npm:^4.0.1":
  version: 4.0.1
  resolution: "esprima@npm:4.0.1"
  bin:
    esparse: ./bin/esparse.js
    esvalidate: ./bin/esvalidate.js
  checksum: b45bc805a613dbea2835278c306b91aff6173c8d034223fa81498c77dcbce3b2931bf6006db816f62eacd9fd4ea975dfd85a5b7f3c6402cfd050d4ca3c13a628
  languageName: node
  linkType: hard

"estraverse@npm:^4.2.0":
  version: 4.3.0
  resolution: "estraverse@npm:4.3.0"
  checksum: a6299491f9940bb246124a8d44b7b7a413a8336f5436f9837aaa9330209bd9ee8af7e91a654a3545aee9c54b3308e78ee360cef1d777d37cfef77d2fa33b5827
  languageName: node
  linkType: hard

"esutils@npm:^2.0.2":
  version: 2.0.3
  resolution: "esutils@npm:2.0.3"
  checksum: 22b5b08f74737379a840b8ed2036a5fb35826c709ab000683b092d9054e5c2a82c27818f12604bfc2a9a76b90b6834ef081edbc1c7ae30d1627012e067c6ec87
  languageName: node
  linkType: hard

"fast-levenshtein@npm:~2.0.6":
  version: 2.0.6
  resolution: "fast-levenshtein@npm:2.0.6"
  checksum: 92cfec0a8dfafd9c7a15fba8f2cc29cd0b62b85f056d99ce448bbcd9f708e18ab2764bda4dd5158364f4145a7c72788538994f0d1787b956ef0d1062b0f7c24c
  languageName: node
  linkType: hard

"fastfile@npm:0.0.20":
  version: 0.0.20
  resolution: "fastfile@npm:0.0.20"
  checksum: e5d6e5f57a9b58c9534202e477cbffbca2182c407171950695ddb5c3e6b89554bc8561fbb6e370c99e371a8f23486a23fbaca527827886cec4897d481cbd03b6
  languageName: node
  linkType: hard

"ffjavascript@npm:0.2.60":
  version: 0.2.60
  resolution: "ffjavascript@npm:0.2.60"
  dependencies:
    wasmbuilder: 0.0.16
    wasmcurves: 0.2.2
    web-worker: ^1.2.0
  checksum: 5dbd597ee108373af1ba1877757a08b47db4bcd7b3b043b260d4475a0b1125454de00fb214224f85d9e6e6a6c0a1cfabd1ba9a2b68279b99c581404266e78138
  languageName: node
  linkType: hard

"ffjavascript@npm:0.2.63, ffjavascript@npm:^0.2.48":
  version: 0.2.63
  resolution: "ffjavascript@npm:0.2.63"
  dependencies:
    wasmbuilder: 0.0.16
    wasmcurves: 0.2.2
    web-worker: 1.2.0
  checksum: d4c549228b31692bb8a44f7eb46720b0504a9ff5bc00e8a9c44ad104622cb83613542b4c321f83cb3027c9dcd1b0834da2b1ea679c3277642f754e9e5ea1c06f
  languageName: node
  linkType: hard

"filelist@npm:^1.0.4":
  version: 1.0.4
  resolution: "filelist@npm:1.0.4"
  dependencies:
    minimatch: ^5.0.1
  checksum: a303573b0821e17f2d5e9783688ab6fbfce5d52aaac842790ae85e704a6f5e4e3538660a63183d6453834dedf1e0f19a9dadcebfa3e926c72397694ea11f5160
  languageName: node
  linkType: hard

"has-flag@npm:^4.0.0":
  version: 4.0.0
  resolution: "has-flag@npm:4.0.0"
  checksum: 261a1357037ead75e338156b1f9452c016a37dcd3283a972a30d9e4a87441ba372c8b81f818cd0fbcd9c0354b4ae7e18b9e1afa1971164aef6d18c2b6095a8ad
  languageName: node
  linkType: hard

"hoopy@npm:^0.1.4":
  version: 0.1.4
  resolution: "hoopy@npm:0.1.4"
  checksum: cfa60c7684c5e1ee4efe26e167bc54b73f839ffb59d1d44a5c4bf891e26b4f5bcc666555219a98fec95508fea4eda3a79540c53c05cc79afc1f66f9a238f4d9e
  languageName: node
  linkType: hard

"jake@npm:^10.8.5":
  version: 10.8.7
  resolution: "jake@npm:10.8.7"
  dependencies:
    async: ^3.2.3
    chalk: ^4.0.2
    filelist: ^1.0.4
    minimatch: ^3.1.2
  bin:
    jake: bin/cli.js
  checksum: a23fd2273fb13f0d0d845502d02c791fd55ef5c6a2d207df72f72d8e1eac6d2b8ffa6caf660bc8006b3242e0daaa88a3ecc600194d72b5c6016ad56e9cd43553
  languageName: node
  linkType: hard

"js-sha3@npm:^0.8.0":
  version: 0.8.0
  resolution: "js-sha3@npm:0.8.0"
  checksum: 75df77c1fc266973f06cce8309ce010e9e9f07ec35ab12022ed29b7f0d9c8757f5a73e1b35aa24840dced0dea7059085aa143d817aea9e188e2a80d569d9adce
  languageName: node
  linkType: hard

"jsonpath@npm:^1.1.1":
  version: 1.1.1
  resolution: "jsonpath@npm:1.1.1"
  dependencies:
    esprima: 1.2.2
    static-eval: 2.0.2
    underscore: 1.12.1
  checksum: 5480d8e9e424fe2ed4ade6860b6e2cefddb21adb3a99abe0254cd9428e8ef9b0c9fb5729d6a5a514e90df50d645ccea9f3be48d627570e6222dd5dadc28eba7b
  languageName: node
  linkType: hard

"levn@npm:~0.3.0":
  version: 0.3.0
  resolution: "levn@npm:0.3.0"
  dependencies:
    prelude-ls: ~1.1.2
    type-check: ~0.3.2
  checksum: 0d084a524231a8246bb10fec48cdbb35282099f6954838604f3c7fc66f2e16fa66fd9cc2f3f20a541a113c4dafdf181e822c887c8a319c9195444e6c64ac395e
  languageName: node
  linkType: hard

"logplease@npm:^1.2.15":
  version: 1.2.15
  resolution: "logplease@npm:1.2.15"
  checksum: c2ac90a75dfa28234f67c79a112baf3c7d7a3011a6d16b052e299ad2f37430fd17959fa116629e14ef3b56796a2dd7015802d0a835ded107ceacb0ca5a44393f
  languageName: node
  linkType: hard

"minimatch@npm:^3.1.2":
  version: 3.1.2
  resolution: "minimatch@npm:3.1.2"
  dependencies:
    brace-expansion: ^1.1.7
  checksum: c154e566406683e7bcb746e000b84d74465b3a832c45d59912b9b55cd50dee66e5c4b1e5566dba26154040e51672f9aa450a9aef0c97cfc7336b78b7afb9540a
  languageName: node
  linkType: hard

"minimatch@npm:^5.0.1":
  version: 5.1.6
  resolution: "minimatch@npm:5.1.6"
  dependencies:
    brace-expansion: ^2.0.1
  checksum: 7564208ef81d7065a370f788d337cd80a689e981042cb9a1d0e6580b6c6a8c9279eba80010516e258835a988363f99f54a6f711a315089b8b42694f5da9d0d77
  languageName: node
  linkType: hard

"nanoassert@npm:^2.0.0":
  version: 2.0.0
  resolution: "nanoassert@npm:2.0.0"
  checksum: b1d366f9524405f3337192d32dda6ac0b02374e4d0550c9aad33480caf2eb3c84c06f18f41f4c5404c14f6fc1ae6b84692b4375166dcb9f2d04a2ea9b9bccba0
  languageName: node
  linkType: hard

"optionator@npm:^0.8.1":
  version: 0.8.3
  resolution: "optionator@npm:0.8.3"
  dependencies:
    deep-is: ~0.1.3
    fast-levenshtein: ~2.0.6
    levn: ~0.3.0
    prelude-ls: ~1.1.2
    type-check: ~0.3.2
    word-wrap: ~1.2.3
  checksum: b8695ddf3d593203e25ab0900e265d860038486c943ff8b774f596a310f8ceebdb30c6832407a8198ba3ec9debe1abe1f51d4aad94843612db3b76d690c61d34
  languageName: node
  linkType: hard

"prelude-ls@npm:~1.1.2":
  version: 1.1.2
  resolution: "prelude-ls@npm:1.1.2"
  checksum: c4867c87488e4a0c233e158e4d0d5565b609b105d75e4c05dc760840475f06b731332eb93cc8c9cecb840aa8ec323ca3c9a56ad7820ad2e63f0261dadcb154e4
  languageName: node
  linkType: hard

"r1csfile@npm:0.0.47":
  version: 0.0.47
  resolution: "r1csfile@npm:0.0.47"
  dependencies:
    "@iden3/bigarray": 0.0.2
    "@iden3/binfileutils": 0.0.11
    fastfile: 0.0.20
    ffjavascript: 0.2.60
  checksum: edeb325b83851a71cbca2e5de56eb622ee5347ecae921b526a5fc484c4825b6b30c73b6fde40e9bc5112b9d21e046af885bf212ed9cee2efbc6de93b8454ec06
  languageName: node
  linkType: hard

"snarkjs@npm:^0.7.3":
  version: 0.7.3
  resolution: "snarkjs@npm:0.7.3"
  dependencies:
    "@iden3/binfileutils": 0.0.11
    bfj: ^7.0.2
    blake2b-wasm: ^2.4.0
    circom_runtime: 0.1.24
    ejs: ^3.1.6
    fastfile: 0.0.20
    ffjavascript: 0.2.63
    js-sha3: ^0.8.0
    logplease: ^1.2.15
    r1csfile: 0.0.47
  bin:
    snarkjs: build/cli.cjs
  checksum: 6a8818c0f23b1c213b3296b4a253ceb2f26accfd0259274230550dfce010e4c6d1f5ecaaea1d84ff9b9da54c42dc94869f820838af4e33ffd4e09d95e986d9ee
  languageName: node
  linkType: hard

"source-map@npm:~0.6.1":
  version: 0.6.1
  resolution: "source-map@npm:0.6.1"
  checksum: 59ce8640cf3f3124f64ac289012c2b8bd377c238e316fb323ea22fbfe83da07d81e000071d7242cad7a23cd91c7de98e4df8830ec3f133cb6133a5f6e9f67bc2
  languageName: node
  linkType: hard

"static-eval@npm:2.0.2":
  version: 2.0.2
  resolution: "static-eval@npm:2.0.2"
  dependencies:
    escodegen: ^1.8.1
  checksum: 335a923c5ccb29add404ac23d0a55c0da6cee3071f6f67a7053aeac0dedc6dbfc53ac9269e9c25f403f5b7603a291ef47d7114f99bde241184f7aa3f9286dc32
  languageName: node
  linkType: hard

"supports-color@npm:^7.1.0":
  version: 7.2.0
  resolution: "supports-color@npm:7.2.0"
  dependencies:
    has-flag: ^4.0.0
  checksum: 3dda818de06ebbe5b9653e07842d9479f3555ebc77e9a0280caf5a14fb877ffee9ed57007c3b78f5a6324b8dbeec648d9e97a24e2ed9fdb81ddc69ea07100f4a
  languageName: node
  linkType: hard

"tryer@npm:^1.0.1":
  version: 1.0.1
  resolution: "tryer@npm:1.0.1"
  checksum: 1cf14d7f67c79613f054b569bfc9a89c7020d331573a812dfcf7437244e8f8e6eb6893b210cbd9cc217f67c1d72617f89793df231e4fe7d53634ed91cf3a89d1
  languageName: node
  linkType: hard

"type-check@npm:~0.3.2":
  version: 0.3.2
  resolution: "type-check@npm:0.3.2"
  dependencies:
    prelude-ls: ~1.1.2
  checksum: dd3b1495642731bc0e1fc40abe5e977e0263005551ac83342ecb6f4f89551d106b368ec32ad3fb2da19b3bd7b2d1f64330da2ea9176d8ddbfe389fb286eb5124
  languageName: node
  linkType: hard

"underscore@npm:1.12.1":
  version: 1.12.1
  resolution: "underscore@npm:1.12.1"
  checksum: ec327603aa112b99fe9d74cd9bf3b3b7451465a9d2610ceab269a532e3f191650ab017903be34dc86fe406a11d04d8905a3b04dd4c129493e51bee09a3f3074c
  languageName: node
  linkType: hard

"wasmbuilder@npm:0.0.16":
  version: 0.0.16
  resolution: "wasmbuilder@npm:0.0.16"
  checksum: a9c8ef4a0a770f71865dc7a75bc22e5204227ff6d70bed90e57f7df5939a013d4177947ea4c2c3fdfe6761b92d975908ea846c463ee635d1c95e1a3c434b7ee1
  languageName: node
  linkType: hard

"wasmcurves@npm:0.2.2":
  version: 0.2.2
  resolution: "wasmcurves@npm:0.2.2"
  dependencies:
    wasmbuilder: 0.0.16
  checksum: 95ca8afe3816862f16d4f8f4cbed4a4fb522be03a41af3cf7d65429bcac9ff4ccbc6e02762dd14933f0e5903cfb93d15cf31fc4acc953f3fcdb31190eba969e8
  languageName: node
  linkType: hard

"web-worker@npm:1.2.0":
  version: 1.2.0
  resolution: "web-worker@npm:1.2.0"
  checksum: 1bb28348ddcf9b2e7c62c5fd02e49a84098795856cd905456de957271bba288e9618941cf69d8960f0a7ae81f5dfb74b427c0634be47ec69e3e955c4ec5213be
  languageName: node
  linkType: hard

"web-worker@npm:^1.2.0":
  version: 1.3.0
  resolution: "web-worker@npm:1.3.0"
  checksum: ed1f869aefd1d81a43d0fbfe7b315a65beb6d7d2486b378c436a7047eed4216be34b2e6afca738b6fa95d016326b765f5f816355db33267dbf43b2b8a1837c0c
  languageName: node
  linkType: hard

"word-wrap@npm:~1.2.3":
  version: 1.2.5
  resolution: "word-wrap@npm:1.2.5"
  checksum: f93ba3586fc181f94afdaff3a6fef27920b4b6d9eaefed0f428f8e07adea2a7f54a5f2830ce59406c8416f033f86902b91eb824072354645eea687dff3691ccb
  languageName: node
  linkType: hard
